
Microsoft Visual Studio Solution File, Format Version 12.00
# Visual Studio Version 17
VisualStudioVersion = 17.14.36811.4 d17.14
MinimumVisualStudioVersion = 10.0.40219.1
Project("{FAE04EC0-301F-11D3-BF4B-00C04F79EFBC}") = "SimpleERP", "SimpleERP.csproj", "{53FD5B71-4068-6E07-FEBD-BB15D649649C}"
EndProject
Global
	GlobalSection(SolutionConfigurationPlatforms) = preSolution
		Debug|Any CPU = Debug|Any CPU
		Release|Any CPU = Release|Any CPU
	EndGlobalSection
	GlobalSection(ProjectConfigurationPlatforms) = postSolution
		{53FD5B71-4068-6E07-FEBD-BB15D649649C}.Debug|Any CPU.ActiveCfg = Debug|Any CPU
		{53FD5B71-4068-6E07-FEBD-BB15D649649C}.Debug|Any CPU.Build.0 = Debug|Any CPU
		{53FD5B71-4068-6E07-FEBD-BB15D649649C}.Release|Any CPU.ActiveCfg = Release|Any CPU
		{53FD5B71-4068-6E07-FEBD-BB15D649649C}.Release|Any CPU.Build.0 = Release|Any CPU
	EndGlobalSection
	GlobalSection(SolutionProperties) = preSolution
		HideSolutionNode = FALSE
	EndGlobalSection
	GlobalSection(ExtensibilityGlobals) = postSolution
		SolutionGuid = {BB0EED8B-3132-410B-8C80-02B79A8D326D}
	EndGlobalSection
EndGlobal
